
Microsoft Visual Studio Solution File, Format Version 12.00
# Visual Studio 14
VisualStudioVersion = 14.0.25420.1
MinimumVisualStudioVersion = 10.0.40219.1
Project("{2150E333-8FDC-42A3-9474-1A3956D46DE8}") = "Server", "Server", "{2FDCCDB7-3DAC-481D-90F8-73A51F57D9AA}"
EndProject
Project("{FAE04EC0-301F-11D3-BF4B-00C04F79EFBC}") = "ChatServer", "Server\ChatServer\ChatServer.csproj", "{06478885-DEC6-4625-ABFE-EE0F54A21F2D}"
EndProject
Project("{FAE04EC0-301F-11D3-BF4B-00C04F79EFBC}") = "ChatServerCore", "Server\ChatServerCore\ChatServerCore.csproj", "{DFEF4160-3E56-4B1E-8C47-2040EEF4AC04}"
EndProject
Global
	GlobalSection(SolutionConfigurationPlatforms) = preSolution
		Debug|Any CPU = Debug|Any CPU
		Release|Any CPU = Release|Any CPU
	EndGlobalSection
	GlobalSection(ProjectConfigurationPlatforms) = postSolution
		{06478885-DEC6-4625-ABFE-EE0F54A21F2D}.Debug|Any CPU.ActiveCfg = Debug|Any CPU
		{06478885-DEC6-4625-ABFE-EE0F54A21F2D}.Debug|Any CPU.Build.0 = Debug|Any CPU
		{06478885-DEC6-4625-ABFE-EE0F54A21F2D}.Release|Any CPU.ActiveCfg = Release|Any CPU
		{06478885-DEC6-4625-ABFE-EE0F54A21F2D}.Release|Any CPU.Build.0 = Release|Any CPU
		{DFEF4160-3E56-4B1E-8C47-2040EEF4AC04}.Debug|Any CPU.ActiveCfg = Debug|Any CPU
		{DFEF4160-3E56-4B1E-8C47-2040EEF4AC04}.Debug|Any CPU.Build.0 = Debug|Any CPU
		{DFEF4160-3E56-4B1E-8C47-2040EEF4AC04}.Release|Any CPU.ActiveCfg = Release|Any CPU
		{DFEF4160-3E56-4B1E-8C47-2040EEF4AC04}.Release|Any CPU.Build.0 = Release|Any CPU
	EndGlobalSection
	GlobalSection(SolutionProperties) = preSolution
		HideSolutionNode = FALSE
	EndGlobalSection
	GlobalSection(NestedProjects) = preSolution
		{06478885-DEC6-4625-ABFE-EE0F54A21F2D} = {2FDCCDB7-3DAC-481D-90F8-73A51F57D9AA}
		{DFEF4160-3E56-4B1E-8C47-2040EEF4AC04} = {2FDCCDB7-3DAC-481D-90F8-73A51F57D9AA}
	EndGlobalSection
EndGlobal
